
Microsoft Visual Studio Solution File, Format Version 12.00
# Visual Studio 15
VisualStudioVersion = 15.0.26730.12
MinimumVisualStudioVersion = 10.0.40219.1
Project("{8BC9CEB8-8B4A-11D0-8D11-00A0C91BC942}") = "Sorting", "Sorting\Sorting.vcxproj", "{00957A6D-5484-4BFF-97FA-8E09F1D4494F}"
EndProject
Global
	GlobalSection(SolutionConfigurationPlatforms) = preSolution
		Debug|x64 = Debug|x64
		Debug|x86 = Debug|x86
		Release|x64 = Release|x64
		Release|x86 = Release|x86
	EndGlobalSection
	GlobalSection(ProjectConfigurationPlatforms) = postSolution
		{00957A6D-5484-4BFF-97FA-8E09F1D4494F}.Debug|x64.ActiveCfg = Debug|x64
		{00957A6D-5484-4BFF-97FA-8E09F1D4494F}.Debug|x64.Build.0 = Debug|x64
		{00957A6D-5484-4BFF-97FA-8E09F1D4494F}.Debug|x86.ActiveCfg = Debug|Win32
		{00957A6D-5484-4BFF-97FA-8E09F1D4494F}.Debug|x86.Build.0 = Debug|Win32
		{00957A6D-5484-4BFF-97FA-8E09F1D4494F}.Release|x64.ActiveCfg = Release|x64
		{00957A6D-5484-4BFF-97FA-8E09F1D4494F}.Release|x64.Build.0 = Release|x64
		{00957A6D-5484-4BFF-97FA-8E09F1D4494F}.Release|x86.ActiveCfg = Release|Win32
		{00957A6D-5484-4BFF-97FA-8E09F1D4494F}.Release|x86.Build.0 = Release|Win32
	EndGlobalSection
	GlobalSection(SolutionProperties) = preSolution
		HideSolutionNode = FALSE
	EndGlobalSection
	GlobalSection(ExtensibilityGlobals) = postSolution
		SolutionGuid = {12F9C532-CC48-488F-8787-A474F4AED057}
	EndGlobalSection
EndGlobal
